
Microsoft Visual Studio Solution File, Format Version 12.00
# Visual Studio Version 17
VisualStudioVersion = 17.11.35327.3
MinimumVisualStudioVersion = 10.0.40219.1
Project("{9A19103F-16F7-4668-BE54-9A1E7A4F7556}") = "DrPetClinic.Data", "DrPetClinic.Data\DrPetClinic.Data.csproj", "{D650EEB1-B96D-4D0A-B87E-B786CC34A431}"
EndProject
Project("{2150E333-8FDC-42A3-9474-1A3956D46DE8}") = "Solution Items", "Solution Items", "{D141815D-2D2D-42F7-A6BF-450E992FCA4F}"
	ProjectSection(SolutionItems) = preProject
		.editorconfig = .editorconfig
	EndProjectSection
EndProject
Project("{9A19103F-16F7-4668-BE54-9A1E7A4F7556}") = "DrPetClinic.Web", "DrPetClinic.Web\DrPetClinic.Web.csproj", "{26C859E7-68B7-4293-92EC-666FB7CEC55F}"
EndProject
Project("{9A19103F-16F7-4668-BE54-9A1E7A4F7556}") = "DrPetClinic.Bll", "DrPetClinic.Bll\DrPetClinic.Bll.csproj", "{A3D71C86-E5BD-4EBA-B134-AEEC6CA05EC7}"
EndProject
Global
	GlobalSection(SolutionConfigurationPlatforms) = preSolution
		Debug|Any CPU = Debug|Any CPU
		Release|Any CPU = Release|Any CPU
	EndGlobalSection
	GlobalSection(ProjectConfigurationPlatforms) = postSolution
		{D650EEB1-B96D-4D0A-B87E-B786CC34A431}.Debug|Any CPU.ActiveCfg = Debug|Any CPU
		{D650EEB1-B96D-4D0A-B87E-B786CC34A431}.Debug|Any CPU.Build.0 = Debug|Any CPU
		{D650EEB1-B96D-4D0A-B87E-B786CC34A431}.Release|Any CPU.ActiveCfg = Release|Any CPU
		{D650EEB1-B96D-4D0A-B87E-B786CC34A431}.Release|Any CPU.Build.0 = Release|Any CPU
		{26C859E7-68B7-4293-92EC-666FB7CEC55F}.Debug|Any CPU.ActiveCfg = Debug|Any CPU
		{26C859E7-68B7-4293-92EC-666FB7CEC55F}.Debug|Any CPU.Build.0 = Debug|Any CPU
		{26C859E7-68B7-4293-92EC-666FB7CEC55F}.Release|Any CPU.ActiveCfg = Release|Any CPU
		{26C859E7-68B7-4293-92EC-666FB7CEC55F}.Release|Any CPU.Build.0 = Release|Any CPU
		{A3D71C86-E5BD-4EBA-B134-AEEC6CA05EC7}.Debug|Any CPU.ActiveCfg = Debug|Any CPU
		{A3D71C86-E5BD-4EBA-B134-AEEC6CA05EC7}.Debug|Any CPU.Build.0 = Debug|Any CPU
		{A3D71C86-E5BD-4EBA-B134-AEEC6CA05EC7}.Release|Any CPU.ActiveCfg = Release|Any CPU
		{A3D71C86-E5BD-4EBA-B134-AEEC6CA05EC7}.Release|Any CPU.Build.0 = Release|Any CPU
	EndGlobalSection
	GlobalSection(SolutionProperties) = preSolution
		HideSolutionNode = FALSE
	EndGlobalSection
	GlobalSection(ExtensibilityGlobals) = postSolution
		SolutionGuid = {C16C72EF-0113-402D-8B80-2C2B5522CFE1}
	EndGlobalSection
EndGlobal
